
Microsoft Visual Studio Solution File, Format Version 12.00
# Visual Studio 15
VisualStudioVersion = 15.0.28307.645
MinimumVisualStudioVersion = 10.0.40219.1
Project("{FAE04EC0-301F-11D3-BF4B-00C04F79EFBC}") = "Engine.Player", "Engine.Player\Engine.Player.csproj", "{2B5F218A-5F58-4168-B0A8-2F06207F4CB5}"
EndProject
Project("{9A19103F-16F7-4668-BE54-9A1E7A4F7556}") = "Engine.BuildTools.Common", "..\Engine.BuildTools\Engine.BuildTools.Common\Engine.BuildTools.Common.csproj", "{94A1FE92-60C7-44AD-9F80-2ED2F7A0E899}"
EndProject
Project("{9A19103F-16F7-4668-BE54-9A1E7A4F7556}") = "Engine.BuildTools.PackageCreator", "..\Engine.BuildTools\Engine.BuildTools.PackageCreator\Engine.BuildTools.PackageCreator.csproj", "{10FF8554-36B7-4BC4-928D-9137A9196C2A}"
EndProject
Project("{9A19103F-16F7-4668-BE54-9A1E7A4F7556}") = "CommandRunner", "..\CommandRunner\CommandRunner\CommandRunner.csproj", "{1B189BB5-D358-41C1-8491-11EAA80E8C3A}"
EndProject
Project("{FAE04EC0-301F-11D3-BF4B-00C04F79EFBC}") = "Engine.Player.Core", "Engine.Player.Core\Engine.Player.Core.csproj", "{14F77009-A039-4E36-AA2C-C69EC32622AF}"
EndProject
Global
	GlobalSection(SolutionConfigurationPlatforms) = preSolution
		Debug|Any CPU = Debug|Any CPU
		Release|Any CPU = Release|Any CPU
	EndGlobalSection
	GlobalSection(ProjectConfigurationPlatforms) = postSolution
		{2B5F218A-5F58-4168-B0A8-2F06207F4CB5}.Debug|Any CPU.ActiveCfg = Debug|Any CPU
		{2B5F218A-5F58-4168-B0A8-2F06207F4CB5}.Debug|Any CPU.Build.0 = Debug|Any CPU
		{2B5F218A-5F58-4168-B0A8-2F06207F4CB5}.Release|Any CPU.ActiveCfg = Release|Any CPU
		{2B5F218A-5F58-4168-B0A8-2F06207F4CB5}.Release|Any CPU.Build.0 = Release|Any CPU
		{94A1FE92-60C7-44AD-9F80-2ED2F7A0E899}.Debug|Any CPU.ActiveCfg = Debug|Any CPU
		{94A1FE92-60C7-44AD-9F80-2ED2F7A0E899}.Debug|Any CPU.Build.0 = Debug|Any CPU
		{94A1FE92-60C7-44AD-9F80-2ED2F7A0E899}.Release|Any CPU.ActiveCfg = Release|Any CPU
		{94A1FE92-60C7-44AD-9F80-2ED2F7A0E899}.Release|Any CPU.Build.0 = Release|Any CPU
		{10FF8554-36B7-4BC4-928D-9137A9196C2A}.Debug|Any CPU.ActiveCfg = Debug|Any CPU
		{10FF8554-36B7-4BC4-928D-9137A9196C2A}.Debug|Any CPU.Build.0 = Debug|Any CPU
		{10FF8554-36B7-4BC4-928D-9137A9196C2A}.Release|Any CPU.ActiveCfg = Release|Any CPU
		{10FF8554-36B7-4BC4-928D-9137A9196C2A}.Release|Any CPU.Build.0 = Release|Any CPU
		{1B189BB5-D358-41C1-8491-11EAA80E8C3A}.Debug|Any CPU.ActiveCfg = Debug|Any CPU
		{1B189BB5-D358-41C1-8491-11EAA80E8C3A}.Debug|Any CPU.Build.0 = Debug|Any CPU
		{1B189BB5-D358-41C1-8491-11EAA80E8C3A}.Release|Any CPU.ActiveCfg = Release|Any CPU
		{1B189BB5-D358-41C1-8491-11EAA80E8C3A}.Release|Any CPU.Build.0 = Release|Any CPU
		{14F77009-A039-4E36-AA2C-C69EC32622AF}.Debug|Any CPU.ActiveCfg = Debug|Any CPU
		{14F77009-A039-4E36-AA2C-C69EC32622AF}.Debug|Any CPU.Build.0 = Debug|Any CPU
		{14F77009-A039-4E36-AA2C-C69EC32622AF}.Release|Any CPU.ActiveCfg = Release|Any CPU
		{14F77009-A039-4E36-AA2C-C69EC32622AF}.Release|Any CPU.Build.0 = Release|Any CPU
	EndGlobalSection
	GlobalSection(SolutionProperties) = preSolution
		HideSolutionNode = FALSE
	EndGlobalSection
	GlobalSection(ExtensibilityGlobals) = postSolution
		SolutionGuid = {7EDB297D-7AF9-4C87-95A1-D25FB20C7405}
	EndGlobalSection
EndGlobal
