
Microsoft Visual Studio Solution File, Format Version 12.00
# Visual Studio 15
VisualStudioVersion = 15.0.28307.645
MinimumVisualStudioVersion = 10.0.40219.1
Project("{9A19103F-16F7-4668-BE54-9A1E7A4F7556}") = "Engine.BuildTools.PackageCreator", "Engine.BuildTools.PackageCreator\Engine.BuildTools.PackageCreator.csproj", "{619F7470-5120-4E7E-91FA-781E4C7F38B2}"
EndProject
Project("{9A19103F-16F7-4668-BE54-9A1E7A4F7556}") = "Engine.BuildTools.Common", "Engine.BuildTools.Common\Engine.BuildTools.Common.csproj", "{E4802A9D-BDCC-4055-AB7C-A9FA35F6894B}"
EndProject
Project("{9A19103F-16F7-4668-BE54-9A1E7A4F7556}") = "Engine.AssetPackaging", "..\Engine\Engine.AssetPackaging\Engine.AssetPackaging.csproj", "{5837BD64-264F-47F8-AFB9-6EA07CA0DEAD}"
EndProject
Project("{FAE04EC0-301F-11D3-BF4B-00C04F79EFBC}") = "Engine.BuildTools.Builder.GUI", "Engine.BuildTools.Builder.GUI\Engine.BuildTools.Builder.GUI.csproj", "{33953ED7-5B87-45D9-B405-98E9F9DB087A}"
EndProject
Project("{FAE04EC0-301F-11D3-BF4B-00C04F79EFBC}") = "Engine.BuildTools.Builder.CLI", "Engine.BuildTools.Builder.CLI\Engine.BuildTools.Builder.CLI.csproj", "{1C992786-DEAA-4952-A8F5-1CCD1CC316F1}"
EndProject
Project("{9A19103F-16F7-4668-BE54-9A1E7A4F7556}") = "Engine.BuildTools.Builder", "Engine.BuildTools.Builder\Engine.BuildTools.Builder.csproj", "{AD3B4573-823B-4071-BE46-B302CDC6E10A}"
EndProject
Project("{9A19103F-16F7-4668-BE54-9A1E7A4F7556}") = "Engine.BuildTools.Tests", "Engine.BuildTools.Tests\Engine.BuildTools.Tests.csproj", "{136A624D-152C-44C7-9EE4-E5CD089805B6}"
EndProject
Project("{FAE04EC0-301F-11D3-BF4B-00C04F79EFBC}") = "Engine.BuildTools.VersionHelper", "Engine.BuildTools.VersionHelper\Engine.BuildTools.VersionHelper.csproj", "{E2327A6F-74B6-4100-9FDC-D6DB25579047}"
EndProject
Project("{9A19103F-16F7-4668-BE54-9A1E7A4F7556}") = "CommandRunner", "..\CommandRunner\CommandRunner\CommandRunner.csproj", "{0B77916A-8F2A-403A-BCB8-3BF6A961E030}"
EndProject
Global
	GlobalSection(SolutionConfigurationPlatforms) = preSolution
		Debug|Any CPU = Debug|Any CPU
		Release|Any CPU = Release|Any CPU
	EndGlobalSection
	GlobalSection(ProjectConfigurationPlatforms) = postSolution
		{619F7470-5120-4E7E-91FA-781E4C7F38B2}.Debug|Any CPU.ActiveCfg = Debug|Any CPU
		{619F7470-5120-4E7E-91FA-781E4C7F38B2}.Debug|Any CPU.Build.0 = Debug|Any CPU
		{619F7470-5120-4E7E-91FA-781E4C7F38B2}.Release|Any CPU.ActiveCfg = Release|Any CPU
		{619F7470-5120-4E7E-91FA-781E4C7F38B2}.Release|Any CPU.Build.0 = Release|Any CPU
		{E4802A9D-BDCC-4055-AB7C-A9FA35F6894B}.Debug|Any CPU.ActiveCfg = Debug|Any CPU
		{E4802A9D-BDCC-4055-AB7C-A9FA35F6894B}.Debug|Any CPU.Build.0 = Debug|Any CPU
		{E4802A9D-BDCC-4055-AB7C-A9FA35F6894B}.Release|Any CPU.ActiveCfg = Release|Any CPU
		{E4802A9D-BDCC-4055-AB7C-A9FA35F6894B}.Release|Any CPU.Build.0 = Release|Any CPU
		{5837BD64-264F-47F8-AFB9-6EA07CA0DEAD}.Debug|Any CPU.ActiveCfg = Debug|Any CPU
		{5837BD64-264F-47F8-AFB9-6EA07CA0DEAD}.Debug|Any CPU.Build.0 = Debug|Any CPU
		{5837BD64-264F-47F8-AFB9-6EA07CA0DEAD}.Release|Any CPU.ActiveCfg = Release|Any CPU
		{5837BD64-264F-47F8-AFB9-6EA07CA0DEAD}.Release|Any CPU.Build.0 = Release|Any CPU
		{33953ED7-5B87-45D9-B405-98E9F9DB087A}.Debug|Any CPU.ActiveCfg = Debug|Any CPU
		{33953ED7-5B87-45D9-B405-98E9F9DB087A}.Debug|Any CPU.Build.0 = Debug|Any CPU
		{33953ED7-5B87-45D9-B405-98E9F9DB087A}.Release|Any CPU.ActiveCfg = Release|Any CPU
		{33953ED7-5B87-45D9-B405-98E9F9DB087A}.Release|Any CPU.Build.0 = Release|Any CPU
		{1C992786-DEAA-4952-A8F5-1CCD1CC316F1}.Debug|Any CPU.ActiveCfg = Debug|Any CPU
		{1C992786-DEAA-4952-A8F5-1CCD1CC316F1}.Debug|Any CPU.Build.0 = Debug|Any CPU
		{1C992786-DEAA-4952-A8F5-1CCD1CC316F1}.Release|Any CPU.ActiveCfg = Release|Any CPU
		{1C992786-DEAA-4952-A8F5-1CCD1CC316F1}.Release|Any CPU.Build.0 = Release|Any CPU
		{AD3B4573-823B-4071-BE46-B302CDC6E10A}.Debug|Any CPU.ActiveCfg = Debug|Any CPU
		{AD3B4573-823B-4071-BE46-B302CDC6E10A}.Debug|Any CPU.Build.0 = Debug|Any CPU
		{AD3B4573-823B-4071-BE46-B302CDC6E10A}.Release|Any CPU.ActiveCfg = Release|Any CPU
		{AD3B4573-823B-4071-BE46-B302CDC6E10A}.Release|Any CPU.Build.0 = Release|Any CPU
		{136A624D-152C-44C7-9EE4-E5CD089805B6}.Debug|Any CPU.ActiveCfg = Debug|Any CPU
		{136A624D-152C-44C7-9EE4-E5CD089805B6}.Debug|Any CPU.Build.0 = Debug|Any CPU
		{136A624D-152C-44C7-9EE4-E5CD089805B6}.Release|Any CPU.ActiveCfg = Release|Any CPU
		{136A624D-152C-44C7-9EE4-E5CD089805B6}.Release|Any CPU.Build.0 = Release|Any CPU
		{E2327A6F-74B6-4100-9FDC-D6DB25579047}.Debug|Any CPU.ActiveCfg = Debug|Any CPU
		{E2327A6F-74B6-4100-9FDC-D6DB25579047}.Debug|Any CPU.Build.0 = Debug|Any CPU
		{E2327A6F-74B6-4100-9FDC-D6DB25579047}.Release|Any CPU.ActiveCfg = Release|Any CPU
		{E2327A6F-74B6-4100-9FDC-D6DB25579047}.Release|Any CPU.Build.0 = Release|Any CPU
		{0B77916A-8F2A-403A-BCB8-3BF6A961E030}.Debug|Any CPU.ActiveCfg = Debug|Any CPU
		{0B77916A-8F2A-403A-BCB8-3BF6A961E030}.Debug|Any CPU.Build.0 = Debug|Any CPU
		{0B77916A-8F2A-403A-BCB8-3BF6A961E030}.Release|Any CPU.ActiveCfg = Release|Any CPU
		{0B77916A-8F2A-403A-BCB8-3BF6A961E030}.Release|Any CPU.Build.0 = Release|Any CPU
	EndGlobalSection
	GlobalSection(SolutionProperties) = preSolution
		HideSolutionNode = FALSE
	EndGlobalSection
	GlobalSection(ExtensibilityGlobals) = postSolution
		SolutionGuid = {7EDB297D-7AF9-4C87-95A1-D25FB20C7405}
	EndGlobalSection
EndGlobal
