
Microsoft Visual Studio Solution File, Format Version 12.00
# Visual Studio 15
VisualStudioVersion = 15.0.28307.645
MinimumVisualStudioVersion = 10.0.40219.1
Project("{9A19103F-16F7-4668-BE54-9A1E7A4F7556}") = "Engine.Common", "Engine.Common\Engine.Common.csproj", "{637F5AC5-CCD3-480B-831E-CF4CD43C68EF}"
EndProject
Project("{9A19103F-16F7-4668-BE54-9A1E7A4F7556}") = "Engine.Tests", "Engine.Tests\Engine.Tests.csproj", "{31382B7A-8BBE-4FDE-A540-93373E77C496}"
EndProject
Project("{9A19103F-16F7-4668-BE54-9A1E7A4F7556}") = "Engine.Demo", "Engine.Demo\Engine.Demo.csproj", "{1E537B4A-E4DE-4C14-B19F-3F89EF37B597}"
EndProject
Project("{9A19103F-16F7-4668-BE54-9A1E7A4F7556}") = "Engine", "Engine\Engine.csproj", "{CEBD35C6-24A4-4AF2-BF49-845276905FC7}"
EndProject
Project("{9A19103F-16F7-4668-BE54-9A1E7A4F7556}") = "Engine.AssetPackaging", "Engine.AssetPackaging\Engine.AssetPackaging.csproj", "{D841B763-849D-4EEE-BCAF-AAE7BD87B145}"
EndProject
Global
	GlobalSection(SolutionConfigurationPlatforms) = preSolution
		Debug_FullTrace|Any CPU = Debug_FullTrace|Any CPU
		Debug|Any CPU = Debug|Any CPU
		Release_CollectLogs|Any CPU = Release_CollectLogs|Any CPU
		Release|Any CPU = Release|Any CPU
		TravisTest|Any CPU = TravisTest|Any CPU
	EndGlobalSection
	GlobalSection(ProjectConfigurationPlatforms) = postSolution
		{637F5AC5-CCD3-480B-831E-CF4CD43C68EF}.Debug_FullTrace|Any CPU.ActiveCfg = Debug_FullTrace|Any CPU
		{637F5AC5-CCD3-480B-831E-CF4CD43C68EF}.Debug_FullTrace|Any CPU.Build.0 = Debug_FullTrace|Any CPU
		{637F5AC5-CCD3-480B-831E-CF4CD43C68EF}.Debug|Any CPU.ActiveCfg = Debug|Any CPU
		{637F5AC5-CCD3-480B-831E-CF4CD43C68EF}.Debug|Any CPU.Build.0 = Debug|Any CPU
		{637F5AC5-CCD3-480B-831E-CF4CD43C68EF}.Release_CollectLogs|Any CPU.ActiveCfg = Release_CollectLogs|Any CPU
		{637F5AC5-CCD3-480B-831E-CF4CD43C68EF}.Release_CollectLogs|Any CPU.Build.0 = Release_CollectLogs|Any CPU
		{637F5AC5-CCD3-480B-831E-CF4CD43C68EF}.Release|Any CPU.ActiveCfg = Release|Any CPU
		{637F5AC5-CCD3-480B-831E-CF4CD43C68EF}.Release|Any CPU.Build.0 = Release|Any CPU
		{637F5AC5-CCD3-480B-831E-CF4CD43C68EF}.TravisTest|Any CPU.ActiveCfg = TravisTest|Any CPU
		{637F5AC5-CCD3-480B-831E-CF4CD43C68EF}.TravisTest|Any CPU.Build.0 = TravisTest|Any CPU
		{31382B7A-8BBE-4FDE-A540-93373E77C496}.Debug_FullTrace|Any CPU.ActiveCfg = Debug_FullTrace|Any CPU
		{31382B7A-8BBE-4FDE-A540-93373E77C496}.Debug_FullTrace|Any CPU.Build.0 = Debug_FullTrace|Any CPU
		{31382B7A-8BBE-4FDE-A540-93373E77C496}.Debug|Any CPU.ActiveCfg = Debug|Any CPU
		{31382B7A-8BBE-4FDE-A540-93373E77C496}.Debug|Any CPU.Build.0 = Debug|Any CPU
		{31382B7A-8BBE-4FDE-A540-93373E77C496}.Release_CollectLogs|Any CPU.ActiveCfg = Release_CollectLogs|Any CPU
		{31382B7A-8BBE-4FDE-A540-93373E77C496}.Release_CollectLogs|Any CPU.Build.0 = Release_CollectLogs|Any CPU
		{31382B7A-8BBE-4FDE-A540-93373E77C496}.Release|Any CPU.ActiveCfg = Release|Any CPU
		{31382B7A-8BBE-4FDE-A540-93373E77C496}.Release|Any CPU.Build.0 = Release|Any CPU
		{31382B7A-8BBE-4FDE-A540-93373E77C496}.TravisTest|Any CPU.ActiveCfg = TravisTest|Any CPU
		{31382B7A-8BBE-4FDE-A540-93373E77C496}.TravisTest|Any CPU.Build.0 = TravisTest|Any CPU
		{1E537B4A-E4DE-4C14-B19F-3F89EF37B597}.Debug_FullTrace|Any CPU.ActiveCfg = Debug_FullTrace|Any CPU
		{1E537B4A-E4DE-4C14-B19F-3F89EF37B597}.Debug_FullTrace|Any CPU.Build.0 = Debug_FullTrace|Any CPU
		{1E537B4A-E4DE-4C14-B19F-3F89EF37B597}.Debug|Any CPU.ActiveCfg = Debug|Any CPU
		{1E537B4A-E4DE-4C14-B19F-3F89EF37B597}.Debug|Any CPU.Build.0 = Debug|Any CPU
		{1E537B4A-E4DE-4C14-B19F-3F89EF37B597}.Release_CollectLogs|Any CPU.ActiveCfg = Release_CollectLogs|Any CPU
		{1E537B4A-E4DE-4C14-B19F-3F89EF37B597}.Release_CollectLogs|Any CPU.Build.0 = Release_CollectLogs|Any CPU
		{1E537B4A-E4DE-4C14-B19F-3F89EF37B597}.Release|Any CPU.ActiveCfg = Release|Any CPU
		{1E537B4A-E4DE-4C14-B19F-3F89EF37B597}.Release|Any CPU.Build.0 = Release|Any CPU
		{1E537B4A-E4DE-4C14-B19F-3F89EF37B597}.TravisTest|Any CPU.ActiveCfg = TravisTest|Any CPU
		{1E537B4A-E4DE-4C14-B19F-3F89EF37B597}.TravisTest|Any CPU.Build.0 = TravisTest|Any CPU
		{CEBD35C6-24A4-4AF2-BF49-845276905FC7}.Debug_FullTrace|Any CPU.ActiveCfg = Debug_FullTrace|Any CPU
		{CEBD35C6-24A4-4AF2-BF49-845276905FC7}.Debug_FullTrace|Any CPU.Build.0 = Debug_FullTrace|Any CPU
		{CEBD35C6-24A4-4AF2-BF49-845276905FC7}.Debug|Any CPU.ActiveCfg = Debug|Any CPU
		{CEBD35C6-24A4-4AF2-BF49-845276905FC7}.Debug|Any CPU.Build.0 = Debug|Any CPU
		{CEBD35C6-24A4-4AF2-BF49-845276905FC7}.Release_CollectLogs|Any CPU.ActiveCfg = Release_CollectLogs|Any CPU
		{CEBD35C6-24A4-4AF2-BF49-845276905FC7}.Release_CollectLogs|Any CPU.Build.0 = Release_CollectLogs|Any CPU
		{CEBD35C6-24A4-4AF2-BF49-845276905FC7}.Release|Any CPU.ActiveCfg = Release|Any CPU
		{CEBD35C6-24A4-4AF2-BF49-845276905FC7}.Release|Any CPU.Build.0 = Release|Any CPU
		{CEBD35C6-24A4-4AF2-BF49-845276905FC7}.TravisTest|Any CPU.ActiveCfg = TravisTest|Any CPU
		{CEBD35C6-24A4-4AF2-BF49-845276905FC7}.TravisTest|Any CPU.Build.0 = TravisTest|Any CPU
		{D841B763-849D-4EEE-BCAF-AAE7BD87B145}.Debug_FullTrace|Any CPU.ActiveCfg = Debug|Any CPU
		{D841B763-849D-4EEE-BCAF-AAE7BD87B145}.Debug_FullTrace|Any CPU.Build.0 = Debug|Any CPU
		{D841B763-849D-4EEE-BCAF-AAE7BD87B145}.Debug|Any CPU.ActiveCfg = Debug|Any CPU
		{D841B763-849D-4EEE-BCAF-AAE7BD87B145}.Debug|Any CPU.Build.0 = Debug|Any CPU
		{D841B763-849D-4EEE-BCAF-AAE7BD87B145}.Release_CollectLogs|Any CPU.ActiveCfg = Release|Any CPU
		{D841B763-849D-4EEE-BCAF-AAE7BD87B145}.Release_CollectLogs|Any CPU.Build.0 = Release|Any CPU
		{D841B763-849D-4EEE-BCAF-AAE7BD87B145}.Release|Any CPU.ActiveCfg = Release|Any CPU
		{D841B763-849D-4EEE-BCAF-AAE7BD87B145}.Release|Any CPU.Build.0 = Release|Any CPU
		{D841B763-849D-4EEE-BCAF-AAE7BD87B145}.TravisTest|Any CPU.ActiveCfg = Debug|Any CPU
		{D841B763-849D-4EEE-BCAF-AAE7BD87B145}.TravisTest|Any CPU.Build.0 = Debug|Any CPU
	EndGlobalSection
	GlobalSection(SolutionProperties) = preSolution
		HideSolutionNode = FALSE
	EndGlobalSection
	GlobalSection(ExtensibilityGlobals) = postSolution
		SolutionGuid = {E2AC9CBE-E496-4985-BA42-2641C97E34E1}
	EndGlobalSection
EndGlobal
